
Microsoft Visual Studio Solution File, Format Version 12.00
# Visual Studio Version 17
VisualStudioVersion = 17.0.31903.59
MinimumVisualStudioVersion = 10.0.40219.1
Project("{2150E333-8FDC-42A3-9474-1A3956D46DE8}") = "src", "src", "{827E0CD3-B72D-47B6-A68D-7590B98EB39B}"
EndProject
Project("{FAE04EC0-301F-11D3-BF4B-00C04F79EFBC}") = "TraceCapsule.Core", "src\TraceCapsule.Core\TraceCapsule.Core.csproj", "{B0EAAD44-E1CE-4DB8-AEED-17B94A519727}"
EndProject
Project("{FAE04EC0-301F-11D3-BF4B-00C04F79EFBC}") = "TraceCapsule.AspNetCore", "src\TraceCapsule.AspNetCore\TraceCapsule.AspNetCore.csproj", "{82B617CD-9E83-4274-BAA4-8BE0DA339946}"
EndProject
Project("{FAE04EC0-301F-11D3-BF4B-00C04F79EFBC}") = "TraceCapsule.OpenTelemetry", "src\TraceCapsule.OpenTelemetry\TraceCapsule.OpenTelemetry.csproj", "{05041762-5B4D-4A5F-A913-E0C37A315B42}"
EndProject
Project("{FAE04EC0-301F-11D3-BF4B-00C04F79EFBC}") = "TraceCapsule.Http", "src\TraceCapsule.Http\TraceCapsule.Http.csproj", "{5295DFC4-4DDA-446C-B286-D7A530FA5992}"
EndProject
Project("{FAE04EC0-301F-11D3-BF4B-00C04F79EFBC}") = "TraceCapsule.RabbitMQ", "src\TraceCapsule.RabbitMQ\TraceCapsule.RabbitMQ.csproj", "{1CF7FFF7-65B1-4B3B-A646-85B4857246C2}"
EndProject
Project("{FAE04EC0-301F-11D3-BF4B-00C04F79EFBC}") = "TraceCapsule.Cli", "src\TraceCapsule.Cli\TraceCapsule.Cli.csproj", "{8A0D0254-8872-455F-BA8D-C0FCA5FE41DF}"
EndProject
Project("{FAE04EC0-301F-11D3-BF4B-00C04F79EFBC}") = "SimpleApi", "samples\SimpleApi\SimpleApi.csproj", "{A7430D3E-8F90-4830-A5A2-C94FBA900272}"
EndProject
Project("{FAE04EC0-301F-11D3-BF4B-00C04F79EFBC}") = "DistributedTransferDemo", "samples\DistributedTransferDemo\DistributedTransferDemo.csproj", "{6C39CD74-FBC1-437E-90AF-A86D5D21605F}"
EndProject
Project("{FAE04EC0-301F-11D3-BF4B-00C04F79EFBC}") = "TraceCapsule.UnitTests", "tests\UnitTests\TraceCapsule.UnitTests.csproj", "{49AAD3DA-76DC-4EA5-A022-B05C03FFD2E6}"
EndProject
Project("{FAE04EC0-301F-11D3-BF4B-00C04F79EFBC}") = "TraceCapsule.IntegrationTests", "tests\IntegrationTests\TraceCapsule.IntegrationTests.csproj", "{78E328EC-A7B6-4E43-A820-138C8B3D2C23}"
EndProject
Project("{FAE04EC0-301F-11D3-BF4B-00C04F79EFBC}") = "TraceCapsule.ReplayTests", "tests\ReplayTests\TraceCapsule.ReplayTests.csproj", "{4C889CCF-9C12-44E2-9D74-AB1313AB712E}"
EndProject
Global
	GlobalSection(SolutionConfigurationPlatforms) = preSolution
		Debug|Any CPU = Debug|Any CPU
		Debug|x64 = Debug|x64
		Debug|x86 = Debug|x86
		Release|Any CPU = Release|Any CPU
		Release|x64 = Release|x64
		Release|x86 = Release|x86
	EndGlobalSection
	GlobalSection(ProjectConfigurationPlatforms) = postSolution
		{B0EAAD44-E1CE-4DB8-AEED-17B94A519727}.Debug|Any CPU.ActiveCfg = Debug|Any CPU
		{B0EAAD44-E1CE-4DB8-AEED-17B94A519727}.Debug|Any CPU.Build.0 = Debug|Any CPU
		{B0EAAD44-E1CE-4DB8-AEED-17B94A519727}.Debug|x64.ActiveCfg = Debug|Any CPU
		{B0EAAD44-E1CE-4DB8-AEED-17B94A519727}.Debug|x64.Build.0 = Debug|Any CPU
		{B0EAAD44-E1CE-4DB8-AEED-17B94A519727}.Debug|x86.ActiveCfg = Debug|Any CPU
		{B0EAAD44-E1CE-4DB8-AEED-17B94A519727}.Debug|x86.Build.0 = Debug|Any CPU
		{B0EAAD44-E1CE-4DB8-AEED-17B94A519727}.Release|Any CPU.ActiveCfg = Release|Any CPU
		{B0EAAD44-E1CE-4DB8-AEED-17B94A519727}.Release|Any CPU.Build.0 = Release|Any CPU
		{B0EAAD44-E1CE-4DB8-AEED-17B94A519727}.Release|x64.ActiveCfg = Release|Any CPU
		{B0EAAD44-E1CE-4DB8-AEED-17B94A519727}.Release|x64.Build.0 = Release|Any CPU
		{B0EAAD44-E1CE-4DB8-AEED-17B94A519727}.Release|x86.ActiveCfg = Release|Any CPU
		{B0EAAD44-E1CE-4DB8-AEED-17B94A519727}.Release|x86.Build.0 = Release|Any CPU
		{82B617CD-9E83-4274-BAA4-8BE0DA339946}.Debug|Any CPU.ActiveCfg = Debug|Any CPU
		{82B617CD-9E83-4274-BAA4-8BE0DA339946}.Debug|Any CPU.Build.0 = Debug|Any CPU
		{82B617CD-9E83-4274-BAA4-8BE0DA339946}.Debug|x64.ActiveCfg = Debug|Any CPU
		{82B617CD-9E83-4274-BAA4-8BE0DA339946}.Debug|x64.Build.0 = Debug|Any CPU
		{82B617CD-9E83-4274-BAA4-8BE0DA339946}.Debug|x86.ActiveCfg = Debug|Any CPU
		{82B617CD-9E83-4274-BAA4-8BE0DA339946}.Debug|x86.Build.0 = Debug|Any CPU
		{82B617CD-9E83-4274-BAA4-8BE0DA339946}.Release|Any CPU.ActiveCfg = Release|Any CPU
		{82B617CD-9E83-4274-BAA4-8BE0DA339946}.Release|Any CPU.Build.0 = Release|Any CPU
		{82B617CD-9E83-4274-BAA4-8BE0DA339946}.Release|x64.ActiveCfg = Release|Any CPU
		{82B617CD-9E83-4274-BAA4-8BE0DA339946}.Release|x64.Build.0 = Release|Any CPU
		{82B617CD-9E83-4274-BAA4-8BE0DA339946}.Release|x86.ActiveCfg = Release|Any CPU
		{82B617CD-9E83-4274-BAA4-8BE0DA339946}.Release|x86.Build.0 = Release|Any CPU
		{05041762-5B4D-4A5F-A913-E0C37A315B42}.Debug|Any CPU.ActiveCfg = Debug|Any CPU
		{05041762-5B4D-4A5F-A913-E0C37A315B42}.Debug|Any CPU.Build.0 = Debug|Any CPU
		{05041762-5B4D-4A5F-A913-E0C37A315B42}.Debug|x64.ActiveCfg = Debug|Any CPU
		{05041762-5B4D-4A5F-A913-E0C37A315B42}.Debug|x64.Build.0 = Debug|Any CPU
		{05041762-5B4D-4A5F-A913-E0C37A315B42}.Debug|x86.ActiveCfg = Debug|Any CPU
		{05041762-5B4D-4A5F-A913-E0C37A315B42}.Debug|x86.Build.0 = Debug|Any CPU
		{05041762-5B4D-4A5F-A913-E0C37A315B42}.Release|Any CPU.ActiveCfg = Release|Any CPU
		{05041762-5B4D-4A5F-A913-E0C37A315B42}.Release|Any CPU.Build.0 = Release|Any CPU
		{05041762-5B4D-4A5F-A913-E0C37A315B42}.Release|x64.ActiveCfg = Release|Any CPU
		{05041762-5B4D-4A5F-A913-E0C37A315B42}.Release|x64.Build.0 = Release|Any CPU
		{05041762-5B4D-4A5F-A913-E0C37A315B42}.Release|x86.ActiveCfg = Release|Any CPU
		{05041762-5B4D-4A5F-A913-E0C37A315B42}.Release|x86.Build.0 = Release|Any CPU
		{5295DFC4-4DDA-446C-B286-D7A530FA5992}.Debug|Any CPU.ActiveCfg = Debug|Any CPU
		{5295DFC4-4DDA-446C-B286-D7A530FA5992}.Debug|Any CPU.Build.0 = Debug|Any CPU
		{5295DFC4-4DDA-446C-B286-D7A530FA5992}.Debug|x64.ActiveCfg = Debug|Any CPU
		{5295DFC4-4DDA-446C-B286-D7A530FA5992}.Debug|x64.Build.0 = Debug|Any CPU
		{5295DFC4-4DDA-446C-B286-D7A530FA5992}.Debug|x86.ActiveCfg = Debug|Any CPU
		{5295DFC4-4DDA-446C-B286-D7A530FA5992}.Debug|x86.Build.0 = Debug|Any CPU
		{5295DFC4-4DDA-446C-B286-D7A530FA5992}.Release|Any CPU.ActiveCfg = Release|Any CPU
		{5295DFC4-4DDA-446C-B286-D7A530FA5992}.Release|Any CPU.Build.0 = Release|Any CPU
		{5295DFC4-4DDA-446C-B286-D7A530FA5992}.Release|x64.ActiveCfg = Release|Any CPU
		{5295DFC4-4DDA-446C-B286-D7A530FA5992}.Release|x64.Build.0 = Release|Any CPU
		{5295DFC4-4DDA-446C-B286-D7A530FA5992}.Release|x86.ActiveCfg = Release|Any CPU
		{5295DFC4-4DDA-446C-B286-D7A530FA5992}.Release|x86.Build.0 = Release|Any CPU
		{1CF7FFF7-65B1-4B3B-A646-85B4857246C2}.Debug|Any CPU.ActiveCfg = Debug|Any CPU
		{1CF7FFF7-65B1-4B3B-A646-85B4857246C2}.Debug|Any CPU.Build.0 = Debug|Any CPU
		{1CF7FFF7-65B1-4B3B-A646-85B4857246C2}.Debug|x64.ActiveCfg = Debug|Any CPU
		{1CF7FFF7-65B1-4B3B-A646-85B4857246C2}.Debug|x64.Build.0 = Debug|Any CPU
		{1CF7FFF7-65B1-4B3B-A646-85B4857246C2}.Debug|x86.ActiveCfg = Debug|Any CPU
		{1CF7FFF7-65B1-4B3B-A646-85B4857246C2}.Debug|x86.Build.0 = Debug|Any CPU
		{1CF7FFF7-65B1-4B3B-A646-85B4857246C2}.Release|Any CPU.ActiveCfg = Release|Any CPU
		{1CF7FFF7-65B1-4B3B-A646-85B4857246C2}.Release|Any CPU.Build.0 = Release|Any CPU
		{1CF7FFF7-65B1-4B3B-A646-85B4857246C2}.Release|x64.ActiveCfg = Release|Any CPU
		{1CF7FFF7-65B1-4B3B-A646-85B4857246C2}.Release|x64.Build.0 = Release|Any CPU
		{1CF7FFF7-65B1-4B3B-A646-85B4857246C2}.Release|x86.ActiveCfg = Release|Any CPU
		{1CF7FFF7-65B1-4B3B-A646-85B4857246C2}.Release|x86.Build.0 = Release|Any CPU
		{8A0D0254-8872-455F-BA8D-C0FCA5FE41DF}.Debug|Any CPU.ActiveCfg = Debug|Any CPU
		{8A0D0254-8872-455F-BA8D-C0FCA5FE41DF}.Debug|Any CPU.Build.0 = Debug|Any CPU
		{8A0D0254-8872-455F-BA8D-C0FCA5FE41DF}.Debug|x64.ActiveCfg = Debug|Any CPU
		{8A0D0254-8872-455F-BA8D-C0FCA5FE41DF}.Debug|x64.Build.0 = Debug|Any CPU
		{8A0D0254-8872-455F-BA8D-C0FCA5FE41DF}.Debug|x86.ActiveCfg = Debug|Any CPU
		{8A0D0254-8872-455F-BA8D-C0FCA5FE41DF}.Debug|x86.Build.0 = Debug|Any CPU
		{8A0D0254-8872-455F-BA8D-C0FCA5FE41DF}.Release|Any CPU.ActiveCfg = Release|Any CPU
		{8A0D0254-8872-455F-BA8D-C0FCA5FE41DF}.Release|Any CPU.Build.0 = Release|Any CPU
		{8A0D0254-8872-455F-BA8D-C0FCA5FE41DF}.Release|x64.ActiveCfg = Release|Any CPU
		{8A0D0254-8872-455F-BA8D-C0FCA5FE41DF}.Release|x64.Build.0 = Release|Any CPU
		{8A0D0254-8872-455F-BA8D-C0FCA5FE41DF}.Release|x86.ActiveCfg = Release|Any CPU
		{8A0D0254-8872-455F-BA8D-C0FCA5FE41DF}.Release|x86.Build.0 = Release|Any CPU
		{A7430D3E-8F90-4830-A5A2-C94FBA900272}.Debug|Any CPU.ActiveCfg = Debug|Any CPU
		{A7430D3E-8F90-4830-A5A2-C94FBA900272}.Debug|Any CPU.Build.0 = Debug|Any CPU
		{A7430D3E-8F90-4830-A5A2-C94FBA900272}.Debug|x64.ActiveCfg = Debug|Any CPU
		{A7430D3E-8F90-4830-A5A2-C94FBA900272}.Debug|x64.Build.0 = Debug|Any CPU
		{A7430D3E-8F90-4830-A5A2-C94FBA900272}.Debug|x86.ActiveCfg = Debug|Any CPU
		{A7430D3E-8F90-4830-A5A2-C94FBA900272}.Debug|x86.Build.0 = Debug|Any CPU
		{A7430D3E-8F90-4830-A5A2-C94FBA900272}.Release|Any CPU.ActiveCfg = Release|Any CPU
		{A7430D3E-8F90-4830-A5A2-C94FBA900272}.Release|Any CPU.Build.0 = Release|Any CPU
		{A7430D3E-8F90-4830-A5A2-C94FBA900272}.Release|x64.ActiveCfg = Release|Any CPU
		{A7430D3E-8F90-4830-A5A2-C94FBA900272}.Release|x64.Build.0 = Release|Any CPU
		{A7430D3E-8F90-4830-A5A2-C94FBA900272}.Release|x86.ActiveCfg = Release|Any CPU
		{A7430D3E-8F90-4830-A5A2-C94FBA900272}.Release|x86.Build.0 = Release|Any CPU
		{6C39CD74-FBC1-437E-90AF-A86D5D21605F}.Debug|Any CPU.ActiveCfg = Debug|Any CPU
		{6C39CD74-FBC1-437E-90AF-A86D5D21605F}.Debug|Any CPU.Build.0 = Debug|Any CPU
		{6C39CD74-FBC1-437E-90AF-A86D5D21605F}.Debug|x64.ActiveCfg = Debug|Any CPU
		{6C39CD74-FBC1-437E-90AF-A86D5D21605F}.Debug|x64.Build.0 = Debug|Any CPU
		{6C39CD74-FBC1-437E-90AF-A86D5D21605F}.Debug|x86.ActiveCfg = Debug|Any CPU
		{6C39CD74-FBC1-437E-90AF-A86D5D21605F}.Debug|x86.Build.0 = Debug|Any CPU
		{6C39CD74-FBC1-437E-90AF-A86D5D21605F}.Release|Any CPU.ActiveCfg = Release|Any CPU
		{6C39CD74-FBC1-437E-90AF-A86D5D21605F}.Release|Any CPU.Build.0 = Release|Any CPU
		{6C39CD74-FBC1-437E-90AF-A86D5D21605F}.Release|x64.ActiveCfg = Release|Any CPU
		{6C39CD74-FBC1-437E-90AF-A86D5D21605F}.Release|x64.Build.0 = Release|Any CPU
		{6C39CD74-FBC1-437E-90AF-A86D5D21605F}.Release|x86.ActiveCfg = Release|Any CPU
		{6C39CD74-FBC1-437E-90AF-A86D5D21605F}.Release|x86.Build.0 = Release|Any CPU
		{49AAD3DA-76DC-4EA5-A022-B05C03FFD2E6}.Debug|Any CPU.ActiveCfg = Debug|Any CPU
		{49AAD3DA-76DC-4EA5-A022-B05C03FFD2E6}.Debug|Any CPU.Build.0 = Debug|Any CPU
		{49AAD3DA-76DC-4EA5-A022-B05C03FFD2E6}.Debug|x64.ActiveCfg = Debug|Any CPU
		{49AAD3DA-76DC-4EA5-A022-B05C03FFD2E6}.Debug|x64.Build.0 = Debug|Any CPU
		{49AAD3DA-76DC-4EA5-A022-B05C03FFD2E6}.Debug|x86.ActiveCfg = Debug|Any CPU
		{49AAD3DA-76DC-4EA5-A022-B05C03FFD2E6}.Debug|x86.Build.0 = Debug|Any CPU
		{49AAD3DA-76DC-4EA5-A022-B05C03FFD2E6}.Release|Any CPU.ActiveCfg = Release|Any CPU
		{49AAD3DA-76DC-4EA5-A022-B05C03FFD2E6}.Release|Any CPU.Build.0 = Release|Any CPU
		{49AAD3DA-76DC-4EA5-A022-B05C03FFD2E6}.Release|x64.ActiveCfg = Release|Any CPU
		{49AAD3DA-76DC-4EA5-A022-B05C03FFD2E6}.Release|x64.Build.0 = Release|Any CPU
		{49AAD3DA-76DC-4EA5-A022-B05C03FFD2E6}.Release|x86.ActiveCfg = Release|Any CPU
		{49AAD3DA-76DC-4EA5-A022-B05C03FFD2E6}.Release|x86.Build.0 = Release|Any CPU
		{78E328EC-A7B6-4E43-A820-138C8B3D2C23}.Debug|Any CPU.ActiveCfg = Debug|Any CPU
		{78E328EC-A7B6-4E43-A820-138C8B3D2C23}.Debug|Any CPU.Build.0 = Debug|Any CPU
		{78E328EC-A7B6-4E43-A820-138C8B3D2C23}.Debug|x64.ActiveCfg = Debug|Any CPU
		{78E328EC-A7B6-4E43-A820-138C8B3D2C23}.Debug|x64.Build.0 = Debug|Any CPU
		{78E328EC-A7B6-4E43-A820-138C8B3D2C23}.Debug|x86.ActiveCfg = Debug|Any CPU
		{78E328EC-A7B6-4E43-A820-138C8B3D2C23}.Debug|x86.Build.0 = Debug|Any CPU
		{78E328EC-A7B6-4E43-A820-138C8B3D2C23}.Release|Any CPU.ActiveCfg = Release|Any CPU
		{78E328EC-A7B6-4E43-A820-138C8B3D2C23}.Release|Any CPU.Build.0 = Release|Any CPU
		{78E328EC-A7B6-4E43-A820-138C8B3D2C23}.Release|x64.ActiveCfg = Release|Any CPU
		{78E328EC-A7B6-4E43-A820-138C8B3D2C23}.Release|x64.Build.0 = Release|Any CPU
		{78E328EC-A7B6-4E43-A820-138C8B3D2C23}.Release|x86.ActiveCfg = Release|Any CPU
		{78E328EC-A7B6-4E43-A820-138C8B3D2C23}.Release|x86.Build.0 = Release|Any CPU
		{4C889CCF-9C12-44E2-9D74-AB1313AB712E}.Debug|Any CPU.ActiveCfg = Debug|Any CPU
		{4C889CCF-9C12-44E2-9D74-AB1313AB712E}.Debug|Any CPU.Build.0 = Debug|Any CPU
		{4C889CCF-9C12-44E2-9D74-AB1313AB712E}.Debug|x64.ActiveCfg = Debug|Any CPU
		{4C889CCF-9C12-44E2-9D74-AB1313AB712E}.Debug|x64.Build.0 = Debug|Any CPU
		{4C889CCF-9C12-44E2-9D74-AB1313AB712E}.Debug|x86.ActiveCfg = Debug|Any CPU
		{4C889CCF-9C12-44E2-9D74-AB1313AB712E}.Debug|x86.Build.0 = Debug|Any CPU
		{4C889CCF-9C12-44E2-9D74-AB1313AB712E}.Release|Any CPU.ActiveCfg = Release|Any CPU
		{4C889CCF-9C12-44E2-9D74-AB1313AB712E}.Release|Any CPU.Build.0 = Release|Any CPU
		{4C889CCF-9C12-44E2-9D74-AB1313AB712E}.Release|x64.ActiveCfg = Release|Any CPU
		{4C889CCF-9C12-44E2-9D74-AB1313AB712E}.Release|x64.Build.0 = Release|Any CPU
		{4C889CCF-9C12-44E2-9D74-AB1313AB712E}.Release|x86.ActiveCfg = Release|Any CPU
		{4C889CCF-9C12-44E2-9D74-AB1313AB712E}.Release|x86.Build.0 = Release|Any CPU
	EndGlobalSection
	GlobalSection(SolutionProperties) = preSolution
		HideSolutionNode = FALSE
	EndGlobalSection
	GlobalSection(NestedProjects) = preSolution
		{B0EAAD44-E1CE-4DB8-AEED-17B94A519727} = {827E0CD3-B72D-47B6-A68D-7590B98EB39B}
		{82B617CD-9E83-4274-BAA4-8BE0DA339946} = {827E0CD3-B72D-47B6-A68D-7590B98EB39B}
		{05041762-5B4D-4A5F-A913-E0C37A315B42} = {827E0CD3-B72D-47B6-A68D-7590B98EB39B}
		{5295DFC4-4DDA-446C-B286-D7A530FA5992} = {827E0CD3-B72D-47B6-A68D-7590B98EB39B}
		{1CF7FFF7-65B1-4B3B-A646-85B4857246C2} = {827E0CD3-B72D-47B6-A68D-7590B98EB39B}
		{8A0D0254-8872-455F-BA8D-C0FCA5FE41DF} = {827E0CD3-B72D-47B6-A68D-7590B98EB39B}
		{A7430D3E-8F90-4830-A5A2-C94FBA900272} = {827E0CD3-B72D-47B6-A68D-7590B98EB39B}
		{6C39CD74-FBC1-437E-90AF-A86D5D21605F} = {827E0CD3-B72D-47B6-A68D-7590B98EB39B}
		{49AAD3DA-76DC-4EA5-A022-B05C03FFD2E6} = {827E0CD3-B72D-47B6-A68D-7590B98EB39B}
		{78E328EC-A7B6-4E43-A820-138C8B3D2C23} = {827E0CD3-B72D-47B6-A68D-7590B98EB39B}
		{4C889CCF-9C12-44E2-9D74-AB1313AB712E} = {827E0CD3-B72D-47B6-A68D-7590B98EB39B}
	EndGlobalSection
EndGlobal
